
Microsoft Visual Studio Solution File, Format Version 12.00
# Visual Studio Version 17
VisualStudioVersion = 17.11.35312.102
MinimumVisualStudioVersion = 10.0.40219.1
Project("{FAE04EC0-301F-11D3-BF4B-00C04F79EFBC}") = "ClinicalManagementAPI", "ClinicalManagementAPI\ClinicalManagementAPI.csproj", "{543DF8C4-8075-45C7-A70C-2E5C80F0855A}"
EndProject
Global
	GlobalSection(SolutionConfigurationPlatforms) = preSolution
		Debug|Any CPU = Debug|Any CPU
		Release|Any CPU = Release|Any CPU
	EndGlobalSection
	GlobalSection(ProjectConfigurationPlatforms) = postSolution
		{543DF8C4-8075-45C7-A70C-2E5C80F0855A}.Debug|Any CPU.ActiveCfg = Debug|Any CPU
		{543DF8C4-8075-45C7-A70C-2E5C80F0855A}.Debug|Any CPU.Build.0 = Debug|Any CPU
		{543DF8C4-8075-45C7-A70C-2E5C80F0855A}.Release|Any CPU.ActiveCfg = Release|Any CPU
		{543DF8C4-8075-45C7-A70C-2E5C80F0855A}.Release|Any CPU.Build.0 = Release|Any CPU
	EndGlobalSection
	GlobalSection(SolutionProperties) = preSolution
		HideSolutionNode = FALSE
	EndGlobalSection
	GlobalSection(ExtensibilityGlobals) = postSolution
		SolutionGuid = {E070205E-502D-4408-A07C-E8CA175B38E7}
	EndGlobalSection
EndGlobal
